
Microsoft Visual Studio Solution File, Format Version 12.00
# Visual Studio Version 16
VisualStudioVersion = 16.0.29424.173
MinimumVisualStudioVersion = 10.0.40219.1
Project("{9A19103F-16F7-4668-BE54-9A1E7A4F7556}") = "ProtoMap", "ProtoMap\ProtoMap.csproj", "{C75E8EB2-4AD2-4220-8EFE-9ABE721E61D2}"
EndProject
Project("{9A19103F-16F7-4668-BE54-9A1E7A4F7556}") = "ProtoMap.Core", "ProtoMap.Core\ProtoMap.Core.csproj", "{B45E7035-D809-4E9E-845E-D6574B4242F5}"
EndProject
Project("{2150E333-8FDC-42A3-9474-1A3956D46DE8}") = "Modules", "Modules", "{C36A62EF-05F9-49D6-ACD6-F388A80E4014}"
EndProject
Project("{9A19103F-16F7-4668-BE54-9A1E7A4F7556}") = "ProtoMap.FileFormatDesigner", "Modules\ProtoMap.FileFormatDesigner\ProtoMap.FileFormatDesigner.csproj", "{4FB9E399-3FE1-43B1-B242-9F1D79613FA0}"
EndProject
Project("{9A19103F-16F7-4668-BE54-9A1E7A4F7556}") = "ProtoMap.ProtocolDesigner", "Modules\ProtoMap.ProtocolDesigner\ProtoMap.ProtocolDesigner.csproj", "{08BC7CC8-ECD2-48F2-852F-3071C272008E}"
EndProject
Global
	GlobalSection(SolutionConfigurationPlatforms) = preSolution
		Debug|Any CPU = Debug|Any CPU
		Release|Any CPU = Release|Any CPU
	EndGlobalSection
	GlobalSection(ProjectConfigurationPlatforms) = postSolution
		{C75E8EB2-4AD2-4220-8EFE-9ABE721E61D2}.Debug|Any CPU.ActiveCfg = Debug|Any CPU
		{C75E8EB2-4AD2-4220-8EFE-9ABE721E61D2}.Debug|Any CPU.Build.0 = Debug|Any CPU
		{C75E8EB2-4AD2-4220-8EFE-9ABE721E61D2}.Release|Any CPU.ActiveCfg = Release|Any CPU
		{C75E8EB2-4AD2-4220-8EFE-9ABE721E61D2}.Release|Any CPU.Build.0 = Release|Any CPU
		{B45E7035-D809-4E9E-845E-D6574B4242F5}.Debug|Any CPU.ActiveCfg = Debug|Any CPU
		{B45E7035-D809-4E9E-845E-D6574B4242F5}.Debug|Any CPU.Build.0 = Debug|Any CPU
		{B45E7035-D809-4E9E-845E-D6574B4242F5}.Release|Any CPU.ActiveCfg = Release|Any CPU
		{B45E7035-D809-4E9E-845E-D6574B4242F5}.Release|Any CPU.Build.0 = Release|Any CPU
		{4FB9E399-3FE1-43B1-B242-9F1D79613FA0}.Debug|Any CPU.ActiveCfg = Debug|Any CPU
		{4FB9E399-3FE1-43B1-B242-9F1D79613FA0}.Debug|Any CPU.Build.0 = Debug|Any CPU
		{4FB9E399-3FE1-43B1-B242-9F1D79613FA0}.Release|Any CPU.ActiveCfg = Release|Any CPU
		{4FB9E399-3FE1-43B1-B242-9F1D79613FA0}.Release|Any CPU.Build.0 = Release|Any CPU
		{08BC7CC8-ECD2-48F2-852F-3071C272008E}.Debug|Any CPU.ActiveCfg = Debug|Any CPU
		{08BC7CC8-ECD2-48F2-852F-3071C272008E}.Debug|Any CPU.Build.0 = Debug|Any CPU
		{08BC7CC8-ECD2-48F2-852F-3071C272008E}.Release|Any CPU.ActiveCfg = Release|Any CPU
		{08BC7CC8-ECD2-48F2-852F-3071C272008E}.Release|Any CPU.Build.0 = Release|Any CPU
	EndGlobalSection
	GlobalSection(SolutionProperties) = preSolution
		HideSolutionNode = FALSE
	EndGlobalSection
	GlobalSection(NestedProjects) = preSolution
		{4FB9E399-3FE1-43B1-B242-9F1D79613FA0} = {C36A62EF-05F9-49D6-ACD6-F388A80E4014}
		{08BC7CC8-ECD2-48F2-852F-3071C272008E} = {C36A62EF-05F9-49D6-ACD6-F388A80E4014}
	EndGlobalSection
	GlobalSection(ExtensibilityGlobals) = postSolution
		SolutionGuid = {3F3DDA44-B09A-47B0-A9D0-B348AED9F72A}
	EndGlobalSection
EndGlobal
